
Microsoft Visual Studio Solution File, Format Version 12.00
# Visual Studio 14
VisualStudioVersion = 14.0.25420.1
MinimumVisualStudioVersion = 10.0.40219.1
Project("{FAE04EC0-301F-11D3-BF4B-00C04F79EFBC}") = "ExcelToAzureDb", "ExcelToAzureDb\ExcelToAzureDb.csproj", "{9611F28A-E5F8-494B-9606-570814756FE7}"
EndProject
Project("{FAE04EC0-301F-11D3-BF4B-00C04F79EFBC}") = "Entities", "Entities\Entities.csproj", "{5A1287B9-009F-4B8F-9ACA-190FCC7CECE4}"
EndProject
Global
	GlobalSection(SolutionConfigurationPlatforms) = preSolution
		Debug|Any CPU = Debug|Any CPU
		Release|Any CPU = Release|Any CPU
	EndGlobalSection
	GlobalSection(ProjectConfigurationPlatforms) = postSolution
		{9611F28A-E5F8-494B-9606-570814756FE7}.Debug|Any CPU.ActiveCfg = Debug|Any CPU
		{9611F28A-E5F8-494B-9606-570814756FE7}.Debug|Any CPU.Build.0 = Debug|Any CPU
		{9611F28A-E5F8-494B-9606-570814756FE7}.Release|Any CPU.ActiveCfg = Release|Any CPU
		{9611F28A-E5F8-494B-9606-570814756FE7}.Release|Any CPU.Build.0 = Release|Any CPU
		{5A1287B9-009F-4B8F-9ACA-190FCC7CECE4}.Debug|Any CPU.ActiveCfg = Debug|Any CPU
		{5A1287B9-009F-4B8F-9ACA-190FCC7CECE4}.Debug|Any CPU.Build.0 = Debug|Any CPU
		{5A1287B9-009F-4B8F-9ACA-190FCC7CECE4}.Release|Any CPU.ActiveCfg = Release|Any CPU
		{5A1287B9-009F-4B8F-9ACA-190FCC7CECE4}.Release|Any CPU.Build.0 = Release|Any CPU
	EndGlobalSection
	GlobalSection(SolutionProperties) = preSolution
		HideSolutionNode = FALSE
	EndGlobalSection
EndGlobal
